
Microsoft Visual Studio Solution File, Format Version 12.00
# Visual Studio Version 17
VisualStudioVersion = 17.11.35327.3
MinimumVisualStudioVersion = 10.0.40219.1
Project("{9A19103F-16F7-4668-BE54-9A1E7A4F7556}") = "FeedbackApp", "FeedbackApp.csproj", "{7244C0AD-2F01-4E6D-A5CB-81FF0EE59FE9}"
EndProject
Global
	GlobalSection(SolutionConfigurationPlatforms) = preSolution
		Debug|Any CPU = Debug|Any CPU
		Release|Any CPU = Release|Any CPU
	EndGlobalSection
	GlobalSection(ProjectConfigurationPlatforms) = postSolution
		{7244C0AD-2F01-4E6D-A5CB-81FF0EE59FE9}.Debug|Any CPU.ActiveCfg = Debug|Any CPU
		{7244C0AD-2F01-4E6D-A5CB-81FF0EE59FE9}.Debug|Any CPU.Build.0 = Debug|Any CPU
		{7244C0AD-2F01-4E6D-A5CB-81FF0EE59FE9}.Release|Any CPU.ActiveCfg = Release|Any CPU
		{7244C0AD-2F01-4E6D-A5CB-81FF0EE59FE9}.Release|Any CPU.Build.0 = Release|Any CPU
	EndGlobalSection
	GlobalSection(SolutionProperties) = preSolution
		HideSolutionNode = FALSE
	EndGlobalSection
	GlobalSection(ExtensibilityGlobals) = postSolution
		SolutionGuid = {99CA616D-0796-437C-9BFD-01C81EBFC717}
	EndGlobalSection
EndGlobal
